
Microsoft Visual Studio Solution File, Format Version 12.00
# Visual Studio Version 16
VisualStudioVersion = 16.0.30523.141
MinimumVisualStudioVersion = 10.0.40219.1
Project("{8BC9CEB8-8B4A-11D0-8D11-00A0C91BC942}") = "SingletonPattern", "SingletonPattern\SingletonPattern.vcxproj", "{A8400355-3F45-4790-B31A-89D7051EEE7F}"
EndProject
Project("{8BC9CEB8-8B4A-11D0-8D11-00A0C91BC942}") = "ThreadPool", "ThreadPool\ThreadPool.vcxproj", "{189FB1D6-56A2-4D2B-A3FB-4D9CDBB2827C}"
EndProject
Global
	GlobalSection(SolutionConfigurationPlatforms) = preSolution
		Debug|x64 = Debug|x64
		Debug|x86 = Debug|x86
		Release|x64 = Release|x64
		Release|x86 = Release|x86
	EndGlobalSection
	GlobalSection(ProjectConfigurationPlatforms) = postSolution
		{A8400355-3F45-4790-B31A-89D7051EEE7F}.Debug|x64.ActiveCfg = Debug|x64
		{A8400355-3F45-4790-B31A-89D7051EEE7F}.Debug|x64.Build.0 = Debug|x64
		{A8400355-3F45-4790-B31A-89D7051EEE7F}.Debug|x86.ActiveCfg = Debug|Win32
		{A8400355-3F45-4790-B31A-89D7051EEE7F}.Debug|x86.Build.0 = Debug|Win32
		{A8400355-3F45-4790-B31A-89D7051EEE7F}.Release|x64.ActiveCfg = Release|x64
		{A8400355-3F45-4790-B31A-89D7051EEE7F}.Release|x64.Build.0 = Release|x64
		{A8400355-3F45-4790-B31A-89D7051EEE7F}.Release|x86.ActiveCfg = Release|Win32
		{A8400355-3F45-4790-B31A-89D7051EEE7F}.Release|x86.Build.0 = Release|Win32
		{189FB1D6-56A2-4D2B-A3FB-4D9CDBB2827C}.Debug|x64.ActiveCfg = Debug|x64
		{189FB1D6-56A2-4D2B-A3FB-4D9CDBB2827C}.Debug|x64.Build.0 = Debug|x64
		{189FB1D6-56A2-4D2B-A3FB-4D9CDBB2827C}.Debug|x86.ActiveCfg = Debug|Win32
		{189FB1D6-56A2-4D2B-A3FB-4D9CDBB2827C}.Debug|x86.Build.0 = Debug|Win32
		{189FB1D6-56A2-4D2B-A3FB-4D9CDBB2827C}.Release|x64.ActiveCfg = Release|x64
		{189FB1D6-56A2-4D2B-A3FB-4D9CDBB2827C}.Release|x64.Build.0 = Release|x64
		{189FB1D6-56A2-4D2B-A3FB-4D9CDBB2827C}.Release|x86.ActiveCfg = Release|Win32
		{189FB1D6-56A2-4D2B-A3FB-4D9CDBB2827C}.Release|x86.Build.0 = Release|Win32
	EndGlobalSection
	GlobalSection(SolutionProperties) = preSolution
		HideSolutionNode = FALSE
	EndGlobalSection
	GlobalSection(ExtensibilityGlobals) = postSolution
		SolutionGuid = {8D102F29-0BD5-4DB2-AB56-18705F98780E}
	EndGlobalSection
EndGlobal
